{
  "nodes": {
    "codedark": {
      "flake": false,
      "locked": {
        "lastModified": 1638384107,
        "narHash": "sha256-m42UVrtGvVvsbPPduU/ubNExSp/We3g6JFvSncv1x60=",
        "owner": "jacobfoard",
        "repo": "vim-code-dark",
        "rev": "f79f28875d674da48c375802cc123b54b58abfef",
        "type": "github"
      },
      "original": {
        "owner": "jacobfoard",
        "ref": "personal-changes",
        "repo": "vim-code-dark",
        "type": "github"
      }
    },
    "darwin": {
      "inputs": {
        "nixpkgs": [
          "nixpkgs"
        ]
      },
      "locked": {
        "lastModified": 1648485249,
        "narHash": "sha256-kfhHG2HOpuqfbH4kAFeB0GUk2h3lrNVKWunt+ZVN8ag=",
        "owner": "jacobfoard",
        "repo": "nix-darwin",
        "rev": "f0454fac08f92d793e389690db59f4ebfa4a933c",
        "type": "github"
      },
      "original": {
        "owner": "jacobfoard",
        "ref": "trying-to-fix-segfaults",
        "repo": "nix-darwin",
        "type": "github"
      }
    },
    "flake-utils": {
      "locked": {
        "lastModified": 1649676176,
        "narHash": "sha256-OWKJratjt2RW151VUlJPRALb7OU2S5s+f0vLj4o1bHM=",
        "owner": "numtide",
        "repo": "flake-utils",
        "rev": "a4b154ebbdc88c8498a5c7b01589addc9e9cb678",
        "type": "github"
      },
      "original": {
        "owner": "numtide",
        "repo": "flake-utils",
        "type": "github"
      }
    },
    "flake-utils_2": {
      "locked": {
        "lastModified": 1648297722,
        "narHash": "sha256-W+qlPsiZd8F3XkzXOzAoR+mpFqzm3ekQkJNa+PIh1BQ=",
        "owner": "numtide",
        "repo": "flake-utils",
        "rev": "0f8662f1319ad6abf89b3380dd2722369fc51ade",
        "type": "github"
      },
      "original": {
        "owner": "numtide",
        "repo": "flake-utils",
        "type": "github"
      }
    },
    "flake-utils_3": {
      "locked": {
        "lastModified": 1644229661,
        "narHash": "sha256-1YdnJAsNy69bpcjuoKdOYQX0YxZBiCYZo4Twxerqv7k=",
        "owner": "numtide",
        "repo": "flake-utils",
        "rev": "3cecb5b042f7f209c56ffd8371b2711a290ec797",
        "type": "github"
      },
      "original": {
        "owner": "numtide",
        "repo": "flake-utils",
        "type": "github"
      }
    },
    "home-manager": {
      "inputs": {
        "nixpkgs": [
          "nixpkgs"
        ]
      },
      "locked": {
        "lastModified": 1649642044,
        "narHash": "sha256-V9ZjTJcbDPgWG+H3rIC6XuPHZAPK1VupBbSsuDbptkQ=",
        "owner": "nix-community",
        "repo": "home-manager",
        "rev": "e39a9d0103e3b2e42059c986a8c633824b96c193",
        "type": "github"
      },
      "original": {
        "owner": "nix-community",
        "ref": "master",
        "repo": "home-manager",
        "type": "github"
      }
    },
    "mango": {
      "inputs": {
        "flake-utils": [
          "flake-utils"
        ],
        "nixpkgs": [
          "nixpkgs"
        ],
        "phoenix": "phoenix"
      },
      "locked": {
        "lastModified": 1649706353,
        "narHash": "sha256-pS031wxrXtAFJOGrgrC19nqpWNSJycspvxJnZT934xo=",
        "ref": "main",
        "rev": "bada57daa6ab96908f567a838e097cd873807e18",
        "revCount": 8388,
        "type": "git",
        "url": "ssh://git@github.com/greenpark/mango.git"
      },
      "original": {
        "ref": "main",
        "type": "git",
        "url": "ssh://git@github.com/greenpark/mango.git"
      }
    },
    "neovim-src": {
      "inputs": {
        "flake-utils": "flake-utils_3",
        "nixpkgs": [
          "nixpkgs"
        ]
      },
      "locked": {
        "dir": "contrib",
        "lastModified": 1649706271,
        "narHash": "sha256-qSOyM/WDT3R31onTTghSdufUCIBGe1pQ2Bm+TpdDmfY=",
        "owner": "neovim",
        "repo": "neovim",
        "rev": "392cb7ac0cf7fd2ede1d3c22c4bbb47f92a55637",
        "type": "github"
      },
      "original": {
        "dir": "contrib",
        "owner": "neovim",
        "repo": "neovim",
        "type": "github"
      }
    },
    "nixos": {
      "locked": {
        "lastModified": 1649497218,
        "narHash": "sha256-groqC9m1P4hpnL6jQvZ3C8NEtduhdkvwGT0+0LUrcYw=",
        "owner": "NixOS",
        "repo": "nixpkgs",
        "rev": "fd364d268852561223a5ada15caad669fd72800e",
        "type": "github"
      },
      "original": {
        "owner": "NixOS",
        "ref": "nixos-unstable",
        "repo": "nixpkgs",
        "type": "github"
      }
    },
    "nixos-stable": {
      "locked": {
        "lastModified": 1649619156,
        "narHash": "sha256-p0q4zpuKMwrzGF+5ZU7Thnpac5TinhDI9jr2mBxhV4w=",
        "owner": "nixos",
        "repo": "nixpkgs",
        "rev": "e7d63bd0d50df412f5a1d8acfa3caae75522e347",
        "type": "github"
      },
      "original": {
        "owner": "nixos",
        "ref": "nixos-21.11",
        "repo": "nixpkgs",
        "type": "github"
      }
    },
    "nixpkgs": {
      "locked": {
        "lastModified": 1648219316,
        "narHash": "sha256-Ctij+dOi0ZZIfX5eMhgwugfvB+WZSrvVNAyAuANOsnQ=",
        "owner": "NixOS",
        "repo": "nixpkgs",
        "rev": "30d3d79b7d3607d56546dd2a6b49e156ba0ec634",
        "type": "github"
      },
      "original": {
        "owner": "NixOS",
        "ref": "nixpkgs-unstable",
        "repo": "nixpkgs",
        "type": "github"
      }
    },
    "nixpkgs-master": {
      "locked": {
        "lastModified": 1649707443,
        "narHash": "sha256-xmib968oWdsw+GFwBXrNOnU7bNlWnrbqgBre8quNhk0=",
        "owner": "nixos",
        "repo": "nixpkgs",
        "rev": "fab78f560e8a586e40a149a7b8b17af503190c74",
        "type": "github"
      },
      "original": {
        "owner": "nixos",
        "ref": "master",
        "repo": "nixpkgs",
        "type": "github"
      }
    },
    "nixpkgs-stable-darwin": {
      "locked": {
        "lastModified": 1649675302,
        "narHash": "sha256-joXkXjdOn73GF/1Y3mhir44aG5doekJyJwiG3DblIlo=",
        "owner": "nixos",
        "repo": "nixpkgs",
        "rev": "a31e3437d3b5d8f0b4f3bbc3b097b15b10250dab",
        "type": "github"
      },
      "original": {
        "owner": "nixos",
        "ref": "nixpkgs-21.11-darwin",
        "repo": "nixpkgs",
        "type": "github"
      }
    },
    "nixpkgs_2": {
      "locked": {
        "lastModified": 1648219316,
        "narHash": "sha256-Ctij+dOi0ZZIfX5eMhgwugfvB+WZSrvVNAyAuANOsnQ=",
        "owner": "nixos",
        "repo": "nixpkgs",
        "rev": "30d3d79b7d3607d56546dd2a6b49e156ba0ec634",
        "type": "github"
      },
      "original": {
        "owner": "nixos",
        "ref": "nixpkgs-unstable",
        "repo": "nixpkgs",
        "type": "github"
      }
    },
    "nodeToNix": {
      "inputs": {
        "flake-utils": [
          "phoenix",
          "flake-utils"
        ],
        "nixpkgs": [
          "phoenix",
          "nixpkgs"
        ]
      },
      "locked": {
        "lastModified": 1638923871,
        "narHash": "sha256-kY3zUYtkmNTtLMFesjYHiZcllUKqJEsfkravTagQQqA=",
        "owner": "jacobfoard",
        "repo": "node2nix",
        "rev": "1374e43d159295c7cde961bd64b5c47b81d66dac",
        "type": "github"
      },
      "original": {
        "owner": "jacobfoard",
        "repo": "node2nix",
        "type": "github"
      }
    },
    "oh-my-tmux": {
      "flake": false,
      "locked": {
        "lastModified": 1642147893,
        "narHash": "sha256-bkbYvtnTOgP9GQVQEM/QSUWouXWPwJqP7YJTaFPglEs=",
        "owner": "gpakosz",
        "repo": ".tmux",
        "rev": "9a2387c0c7aa8d12cff06d6be17251e8ebdfd034",
        "type": "github"
      },
      "original": {
        "owner": "gpakosz",
        "repo": ".tmux",
        "type": "github"
      }
    },
    "phoenix": {
      "inputs": {
        "flake-utils": "flake-utils_2",
        "nixpkgs": "nixpkgs",
        "nodeToNix": [
          "mango",
          "phoenix",
          "nodeToNix"
        ]
      },
      "locked": {
        "lastModified": 1648481486,
        "narHash": "sha256-DzBZ2tIQ2k5VrFH1K89h05aCdyPoFaMXCP43mo/0vh8=",
        "ref": "main",
        "rev": "c18ef767c35a92d14b826f3355005dafda0f1ed7",
        "revCount": 191,
        "type": "git",
        "url": "ssh://git@github.com/greenpark/phoenix.git"
      },
      "original": {
        "ref": "main",
        "type": "git",
        "url": "ssh://git@github.com/greenpark/phoenix.git"
      }
    },
    "phoenix_2": {
      "inputs": {
        "flake-utils": [
          "flake-utils"
        ],
        "nixpkgs": [
          "nixpkgs"
        ],
        "nodeToNix": "nodeToNix"
      },
      "locked": {
        "lastModified": 1649705030,
        "narHash": "sha256-GkmLN4GwWLoN9Ih9xaV9VomLOyTIZqFNOpgjIkU+Wds=",
        "ref": "main",
        "rev": "33a2faa4348e268546bc7983bdbb226aa734e0fd",
        "revCount": 206,
        "type": "git",
        "url": "ssh://git@github.com/greenpark/phoenix.git"
      },
      "original": {
        "ref": "main",
        "type": "git",
        "url": "ssh://git@github.com/greenpark/phoenix.git"
      }
    },
    "root": {
      "inputs": {
        "codedark": "codedark",
        "darwin": "darwin",
        "flake-utils": "flake-utils",
        "home-manager": "home-manager",
        "mango": "mango",
        "neovim-src": "neovim-src",
        "nixos": "nixos",
        "nixos-stable": "nixos-stable",
        "nixpkgs": "nixpkgs_2",
        "nixpkgs-master": "nixpkgs-master",
        "nixpkgs-stable-darwin": "nixpkgs-stable-darwin",
        "oh-my-tmux": "oh-my-tmux",
        "phoenix": "phoenix_2",
        "spicetify": "spicetify"
      }
    },
    "spicetify": {
      "flake": false,
      "locked": {
        "lastModified": 1643984294,
        "narHash": "sha256-PHKmrLN/JVPqefcK1FQByPWvMzNxHG5htXzgZ1D+Eds=",
        "owner": "khanhas",
        "repo": "spicetify-cli",
        "rev": "6e884a87c9f5ca55a76f3e9b7e5db9ad0a9bdc53",
        "type": "github"
      },
      "original": {
        "owner": "khanhas",
        "ref": "v2.9.0",
        "repo": "spicetify-cli",
        "type": "github"
      }
    }
  },
  "root": "root",
  "version": 7
}
