{
  "nodes": {
    "codedark": {
      "flake": false,
      "locked": {
        "lastModified": 1638384107,
        "narHash": "sha256-m42UVrtGvVvsbPPduU/ubNExSp/We3g6JFvSncv1x60=",
        "owner": "jacobfoard",
        "repo": "vim-code-dark",
        "rev": "f79f28875d674da48c375802cc123b54b58abfef",
        "type": "github"
      },
      "original": {
        "owner": "jacobfoard",
        "ref": "personal-changes",
        "repo": "vim-code-dark",
        "type": "github"
      }
    },
    "darwin": {
      "inputs": {
        "nixpkgs": [
          "nixpkgs"
        ]
      },
      "locked": {
        "lastModified": 1641315112,
        "narHash": "sha256-C15equeZzSJX8YFHJBvq5eS/vjPK+TbrkTpSxMvpwwI=",
        "owner": "jacobfoard",
        "repo": "nix-darwin",
        "rev": "4d3f02b0f57da6cf360bfa0a6370c07c06245996",
        "type": "github"
      },
      "original": {
        "owner": "jacobfoard",
        "ref": "waiting-on-upstream",
        "repo": "nix-darwin",
        "type": "github"
      }
    },
    "flake-utils": {
      "locked": {
        "lastModified": 1638122382,
        "narHash": "sha256-sQzZzAbvKEqN9s0bzWuYmRaA03v40gaJ4+iL1LXjaeI=",
        "owner": "numtide",
        "repo": "flake-utils",
        "rev": "74f7e4319258e287b0f9cb95426c9853b282730b",
        "type": "github"
      },
      "original": {
        "owner": "numtide",
        "repo": "flake-utils",
        "type": "github"
      }
    },
    "flake-utils_2": {
      "locked": {
        "lastModified": 1638122382,
        "narHash": "sha256-sQzZzAbvKEqN9s0bzWuYmRaA03v40gaJ4+iL1LXjaeI=",
        "owner": "numtide",
        "repo": "flake-utils",
        "rev": "74f7e4319258e287b0f9cb95426c9853b282730b",
        "type": "github"
      },
      "original": {
        "owner": "numtide",
        "repo": "flake-utils",
        "type": "github"
      }
    },
    "flake-utils_3": {
      "locked": {
        "lastModified": 1629481132,
        "narHash": "sha256-JHgasjPR0/J1J3DRm4KxM4zTyAj4IOJY8vIl75v/kPI=",
        "owner": "numtide",
        "repo": "flake-utils",
        "rev": "997f7efcb746a9c140ce1f13c72263189225f482",
        "type": "github"
      },
      "original": {
        "owner": "numtide",
        "repo": "flake-utils",
        "type": "github"
      }
    },
    "home-manager": {
      "inputs": {
        "nixpkgs": [
          "nixpkgs"
        ]
      },
      "locked": {
        "lastModified": 1641937533,
        "narHash": "sha256-IJbR1nNV6v/ruWv9iUFi9/qa8tFLmMhbVjzvhSWCWJY=",
        "owner": "nix-community",
        "repo": "home-manager",
        "rev": "d07df8d9a80a4a34ea881bee7860ae437c5d44a5",
        "type": "github"
      },
      "original": {
        "owner": "nix-community",
        "ref": "master",
        "repo": "home-manager",
        "type": "github"
      }
    },
    "mango": {
      "inputs": {
        "flake-utils": [
          "mango",
          "phoenix",
          "flake-utils"
        ],
        "nixpkgs": [
          "mango",
          "phoenix",
          "nixpkgs"
        ],
        "phoenix": "phoenix"
      },
      "locked": {
        "lastModified": 1642034939,
        "narHash": "sha256-l29c1dD39pYnSSUGR1VtO+SlHbvhAhSu8vDCTc5dUFo=",
        "ref": "main",
        "rev": "ce8d2de697c79eaec544c90b3580d3b31b4fc5c1",
        "revCount": 7906,
        "type": "git",
        "url": "ssh://git@github.com/greenpark/mango.git"
      },
      "original": {
        "ref": "main",
        "type": "git",
        "url": "ssh://git@github.com/greenpark/mango.git"
      }
    },
    "neovim-src": {
      "inputs": {
        "flake-utils": "flake-utils_3",
        "nixpkgs": [
          "nixpkgs"
        ]
      },
      "locked": {
        "dir": "contrib",
        "lastModified": 1642067256,
        "narHash": "sha256-EHqwkJ6em/e1znSYhh0/hcLvscWFsL/N9D03Vx0o6xo=",
        "owner": "neovim",
        "repo": "neovim",
        "rev": "e7cd81156755c2f588752d469bceee9e48377b4e",
        "type": "github"
      },
      "original": {
        "dir": "contrib",
        "owner": "neovim",
        "ref": "e7cd81156755c2f588752d469bceee9e48377b4e",
        "repo": "neovim",
        "type": "github"
      }
    },
    "nixos": {
      "locked": {
        "lastModified": 1641887635,
        "narHash": "sha256-kDGpufwzVaiGe5e1sBUBPo9f1YN+nYHJlYqCaVpZTQQ=",
        "owner": "NixOS",
        "repo": "nixpkgs",
        "rev": "b2737d4980a17cc2b7d600d7d0b32fd7333aca88",
        "type": "github"
      },
      "original": {
        "owner": "NixOS",
        "ref": "nixos-unstable",
        "repo": "nixpkgs",
        "type": "github"
      }
    },
    "nixos-stable": {
      "locked": {
        "lastModified": 1641870998,
        "narHash": "sha256-6HkxR2WZsm37VoQS7jgp6Omd71iw6t1kP8bDbaqCDuI=",
        "owner": "nixos",
        "repo": "nixpkgs",
        "rev": "386234e2a61e1e8acf94dfa3a3d3ca19a6776efb",
        "type": "github"
      },
      "original": {
        "owner": "nixos",
        "ref": "nixos-21.11",
        "repo": "nixpkgs",
        "type": "github"
      }
    },
    "nixpkgs": {
      "locked": {
        "lastModified": 1641850495,
        "narHash": "sha256-V+luTtgE/W1ldiGJBPGjjBw6B+yKG62owwOs/Kj9fI8=",
        "owner": "NixOS",
        "repo": "nixpkgs",
        "rev": "81f05d871faf75d1456df6adec1d2118d787f65c",
        "type": "github"
      },
      "original": {
        "owner": "NixOS",
        "ref": "nixpkgs-unstable",
        "repo": "nixpkgs",
        "type": "github"
      }
    },
    "nixpkgs-master": {
      "locked": {
        "lastModified": 1642085708,
        "narHash": "sha256-+jvDwSXj9mWUh6QvyQmZx+p7sPFBOod9+8WmLhs4zn0=",
        "owner": "nixos",
        "repo": "nixpkgs",
        "rev": "dfdf225a986cca7a5dc6a8c23ac9c4d3062919d4",
        "type": "github"
      },
      "original": {
        "owner": "nixos",
        "ref": "master",
        "repo": "nixpkgs",
        "type": "github"
      }
    },
    "nixpkgs-stable-darwin": {
      "locked": {
        "lastModified": 1640283207,
        "narHash": "sha256-SCwl7ZnCfMDsuSYvwIroiAlk7n33bW8HFfY8NvKhcPA=",
        "owner": "nixos",
        "repo": "nixpkgs",
        "rev": "64c7e3388bbd9206e437713351e814366e0c3284",
        "type": "github"
      },
      "original": {
        "owner": "nixos",
        "ref": "nixpkgs-21.11-darwin",
        "repo": "nixpkgs",
        "type": "github"
      }
    },
    "nixpkgs_2": {
      "locked": {
        "lastModified": 1641969095,
        "narHash": "sha256-WCiFqG6+E5NmeI6xnw/fxuKHgdsfb8xjL8N9Gxu4/hU=",
        "owner": "nixos",
        "repo": "nixpkgs",
        "rev": "b458e5133fba2c873649f071f7a8dfeae52ebd17",
        "type": "github"
      },
      "original": {
        "owner": "nixos",
        "ref": "nixpkgs-unstable",
        "repo": "nixpkgs",
        "type": "github"
      }
    },
    "oh-my-tmux": {
      "flake": false,
      "locked": {
        "lastModified": 1639381209,
        "narHash": "sha256-XGYr4FT7eWtFpyeilNVOXgPm7yTekaeh03z1y8VEt9g=",
        "owner": "gpakosz",
        "repo": ".tmux",
        "rev": "05d73a54ed05447a7eb5332c2b92d47a1b7a20bc",
        "type": "github"
      },
      "original": {
        "owner": "gpakosz",
        "repo": ".tmux",
        "type": "github"
      }
    },
    "phoenix": {
      "inputs": {
        "flake-utils": "flake-utils_2",
        "nixpkgs": "nixpkgs",
        "nodeToNix": [
          "mango",
          "phoenix",
          "nodeToNix"
        ]
      },
      "locked": {
        "lastModified": 1642000218,
        "narHash": "sha256-pnmSUT0zVhyqnFcZyliAiLrvMJsELai05N8NHPFIcI4=",
        "ref": "main",
        "rev": "17c6c17e21aef3bc32184065fc983cf34967d89d",
        "revCount": 99,
        "type": "git",
        "url": "ssh://git@github.com/greenpark/phoenix.git"
      },
      "original": {
        "ref": "main",
        "type": "git",
        "url": "ssh://git@github.com/greenpark/phoenix.git"
      }
    },
    "root": {
      "inputs": {
        "codedark": "codedark",
        "darwin": "darwin",
        "flake-utils": "flake-utils",
        "home-manager": "home-manager",
        "mango": "mango",
        "neovim-src": "neovim-src",
        "nixos": "nixos",
        "nixos-stable": "nixos-stable",
        "nixpkgs": "nixpkgs_2",
        "nixpkgs-master": "nixpkgs-master",
        "nixpkgs-stable-darwin": "nixpkgs-stable-darwin",
        "oh-my-tmux": "oh-my-tmux",
        "phoenix": [
          "mango",
          "phoenix"
        ],
        "spicetify": "spicetify",
        "wezterm-nvim": "wezterm-nvim"
      }
    },
    "spicetify": {
      "flake": false,
      "locked": {
        "lastModified": 1641519557,
        "narHash": "sha256-WsNiMlqr9ya06Urvw/m3yPsGLCTOvYFaO0oNHuVKNTs=",
        "owner": "khanhas",
        "repo": "spicetify-cli",
        "rev": "f9efada85def6919d67b03e4cb8db2a50b1349bc",
        "type": "github"
      },
      "original": {
        "owner": "khanhas",
        "ref": "v2.8.4",
        "repo": "spicetify-cli",
        "type": "github"
      }
    },
    "wezterm-nvim": {
      "flake": false,
      "locked": {
        "lastModified": 1640858756,
        "narHash": "sha256-XHHhxgRWqRHLb0mZNyP8fS4Xp9Wnou6vJX2Q4s76P4o=",
        "owner": "aca",
        "repo": "wezterm.nvim",
        "rev": "b008ef8d1bfc9ea4a5cf5f8dd65ff319a997a804",
        "type": "github"
      },
      "original": {
        "owner": "aca",
        "repo": "wezterm.nvim",
        "type": "github"
      }
    }
  },
  "root": "root",
  "version": 7
}
