{
  "nodes": {
    "claude-code-nix": {
      "inputs": {
        "flake-utils": "flake-utils",
        "nixpkgs": [
          "home",
          "private",
          "nixpkgs"
        ]
      },
      "locked": {
        "lastModified": 1771013219,
        "narHash": "sha256-EyR1pOL4vWyefDij3/HyZd3qjG6gzfk2BcjbAFQiXdY=",
        "owner": "sadjow",
        "repo": "claude-code-nix",
        "rev": "3f8cff15b530cc4f09ed2497932a66662f7a8422",
        "type": "github"
      },
      "original": {
        "owner": "sadjow",
        "repo": "claude-code-nix",
        "type": "github"
      }
    },
    "claude-code-nix_2": {
      "inputs": {
        "flake-utils": "flake-utils_2",
        "nixpkgs": [
          "private",
          "nixpkgs"
        ]
      },
      "locked": {
        "lastModified": 1771013219,
        "narHash": "sha256-EyR1pOL4vWyefDij3/HyZd3qjG6gzfk2BcjbAFQiXdY=",
        "owner": "sadjow",
        "repo": "claude-code-nix",
        "rev": "3f8cff15b530cc4f09ed2497932a66662f7a8422",
        "type": "github"
      },
      "original": {
        "owner": "sadjow",
        "repo": "claude-code-nix",
        "type": "github"
      }
    },
    "darwin": {
      "inputs": {
        "nixpkgs": [
          "nixpkgs"
        ]
      },
      "locked": {
        "lastModified": 1770922915,
        "narHash": "sha256-6J/JoK9iL7sHvKJcGW2KId2agaKv1OGypsa7kN+ZBD4=",
        "owner": "LnL7",
        "repo": "nix-darwin",
        "rev": "6c5a56295d2a24e43bcd8af838def1b9a95746b2",
        "type": "github"
      },
      "original": {
        "owner": "LnL7",
        "repo": "nix-darwin",
        "type": "github"
      }
    },
    "flake-utils": {
      "inputs": {
        "systems": "systems"
      },
      "locked": {
        "lastModified": 1731533236,
        "narHash": "sha256-l0KFg5HjrsfsO/JpG+r7fRrqm12kzFHyUHqHCVpMMbI=",
        "owner": "numtide",
        "repo": "flake-utils",
        "rev": "11707dc2f618dd54ca8739b309ec4fc024de578b",
        "type": "github"
      },
      "original": {
        "owner": "numtide",
        "repo": "flake-utils",
        "type": "github"
      }
    },
    "flake-utils_2": {
      "inputs": {
        "systems": "systems_2"
      },
      "locked": {
        "lastModified": 1731533236,
        "narHash": "sha256-l0KFg5HjrsfsO/JpG+r7fRrqm12kzFHyUHqHCVpMMbI=",
        "owner": "numtide",
        "repo": "flake-utils",
        "rev": "11707dc2f618dd54ca8739b309ec4fc024de578b",
        "type": "github"
      },
      "original": {
        "owner": "numtide",
        "repo": "flake-utils",
        "type": "github"
      }
    },
    "home": {
      "inputs": {
        "home-manager": [
          "home-manager"
        ],
        "nixpkgs": [
          "nixpkgs"
        ],
        "pkgs": "pkgs",
        "private": "private"
      },
      "locked": {
        "path": "../home-manager",
        "type": "path"
      },
      "original": {
        "path": "../home-manager",
        "type": "path"
      },
      "parent": []
    },
    "home-manager": {
      "inputs": {
        "nixpkgs": [
          "nixpkgs"
        ]
      },
      "locked": {
        "lastModified": 1771037579,
        "narHash": "sha256-NX5XuhGcsmk0oEII2PEtMRgvh2KaAv3/WWQsOpxAgR4=",
        "owner": "nix-community",
        "repo": "home-manager",
        "rev": "05e6dc0f6ed936f918cb6f0f21f1dad1e4c53150",
        "type": "github"
      },
      "original": {
        "owner": "nix-community",
        "repo": "home-manager",
        "type": "github"
      }
    },
    "mcp-servers-nix": {
      "inputs": {
        "nixpkgs": [
          "nixpkgs"
        ]
      },
      "locked": {
        "lastModified": 1771072392,
        "narHash": "sha256-CY4Z0OJBl22cvm1+isW0yLbmF/ccQ7wuQ5IfGoSBqOc=",
        "owner": "natsukium",
        "repo": "mcp-servers-nix",
        "rev": "db183a9b2286e4eef5176d6c40af6a99f2a0555b",
        "type": "github"
      },
      "original": {
        "owner": "natsukium",
        "repo": "mcp-servers-nix",
        "type": "github"
      }
    },
    "nixpkgs": {
      "locked": {
        "lastModified": 1770843696,
        "narHash": "sha256-LovWTGDwXhkfCOmbgLVA10bvsi/P8eDDpRudgk68HA8=",
        "owner": "NixOS",
        "repo": "nixpkgs",
        "rev": "2343bbb58f99267223bc2aac4fc9ea301a155a16",
        "type": "github"
      },
      "original": {
        "owner": "NixOS",
        "ref": "nixpkgs-unstable",
        "repo": "nixpkgs",
        "type": "github"
      }
    },
    "pkgs": {
      "inputs": {
        "nixpkgs": [
          "home",
          "nixpkgs"
        ]
      },
      "locked": {
        "path": "../pkgs",
        "type": "path"
      },
      "original": {
        "path": "../pkgs",
        "type": "path"
      },
      "parent": [
        "home"
      ]
    },
    "pkgs_2": {
      "inputs": {
        "nixpkgs": [
          "nixpkgs"
        ]
      },
      "locked": {
        "path": "../pkgs",
        "type": "path"
      },
      "original": {
        "path": "../pkgs",
        "type": "path"
      },
      "parent": []
    },
    "private": {
      "inputs": {
        "claude-code-nix": "claude-code-nix",
        "nixpkgs": [
          "home",
          "nixpkgs"
        ]
      },
      "locked": {
        "lastModified": 1771073822,
        "narHash": "sha256-R/+rB67ucw3SjM2VCQg5uJEyMaWvQVZ++3Mgw9wsPzk=",
        "ref": "refs/heads/main",
        "rev": "018546b76e1f9987f8c310dbaf4a3f157427ff0a",
        "revCount": 11,
        "type": "git",
        "url": "file:///Users/jacobfoard/code/github.com/jacobfoard/dotfiles-private"
      },
      "original": {
        "type": "git",
        "url": "file:///Users/jacobfoard/code/github.com/jacobfoard/dotfiles-private"
      }
    },
    "private_2": {
      "inputs": {
        "claude-code-nix": "claude-code-nix_2",
        "nixpkgs": [
          "nixpkgs"
        ]
      },
      "locked": {
        "lastModified": 1771073822,
        "narHash": "sha256-R/+rB67ucw3SjM2VCQg5uJEyMaWvQVZ++3Mgw9wsPzk=",
        "ref": "refs/heads/main",
        "rev": "018546b76e1f9987f8c310dbaf4a3f157427ff0a",
        "revCount": 11,
        "type": "git",
        "url": "file:///Users/jacobfoard/code/github.com/jacobfoard/dotfiles-private"
      },
      "original": {
        "type": "git",
        "url": "file:///Users/jacobfoard/code/github.com/jacobfoard/dotfiles-private"
      }
    },
    "root": {
      "inputs": {
        "darwin": "darwin",
        "home": "home",
        "home-manager": "home-manager",
        "mcp-servers-nix": "mcp-servers-nix",
        "nixpkgs": "nixpkgs",
        "pkgs": "pkgs_2",
        "private": "private_2"
      }
    },
    "systems": {
      "locked": {
        "lastModified": 1681028828,
        "narHash": "sha256-Vy1rq5AaRuLzOxct8nz4T6wlgyUR7zLU309k9mBC768=",
        "owner": "nix-systems",
        "repo": "default",
        "rev": "da67096a3b9bf56a91d16901293e51ba5b49a27e",
        "type": "github"
      },
      "original": {
        "owner": "nix-systems",
        "repo": "default",
        "type": "github"
      }
    },
    "systems_2": {
      "locked": {
        "lastModified": 1681028828,
        "narHash": "sha256-Vy1rq5AaRuLzOxct8nz4T6wlgyUR7zLU309k9mBC768=",
        "owner": "nix-systems",
        "repo": "default",
        "rev": "da67096a3b9bf56a91d16901293e51ba5b49a27e",
        "type": "github"
      },
      "original": {
        "owner": "nix-systems",
        "repo": "default",
        "type": "github"
      }
    }
  },
  "root": "root",
  "version": 7
}
